
Microsoft Visual Studio Solution File, Format Version 12.00
# Visual Studio Version 17
VisualStudioVersion = 17.5.2.0
MinimumVisualStudioVersion = 10.0.40219.1
Project("{FAE04EC0-301F-11D3-BF4B-00C04F79EFBC}") = "AoC_Toolbox.Test", "AoC_Toolbox.Test\AoC_Toolbox.Test.csproj", "{3AC26860-0E6E-4A8B-1C0B-579C3B935511}"
EndProject
Project("{FAE04EC0-301F-11D3-BF4B-00C04F79EFBC}") = "AoC_Toolbox", "AoC_Toolbox\AoC_Toolbox.csproj", "{E72ACEB3-8B86-C69C-470D-EA11FBDA964A}"
EndProject
Project("{FAE04EC0-301F-11D3-BF4B-00C04F79EFBC}") = "AoC_2025.DayXX", "AoC_2025.DayXX\AoC_2025.DayXX.csproj", "{8D149012-EB2D-FA16-1B1B-24E3FA7F4941}"
EndProject
Project("{FAE04EC0-301F-11D3-BF4B-00C04F79EFBC}") = "AoC_2025.Day01", "AoC_2025.Day01\AoC_2025.Day01.csproj", "{2843CC47-CA10-A807-38D1-33EBED4BEE1B}"
EndProject
Project("{FAE04EC0-301F-11D3-BF4B-00C04F79EFBC}") = "AoC_2025.Day02", "AoC_2025.Day02\AoC_2025.Day02.csproj", "{282F9A96-35F0-4ED3-80AF-4C9FAF52DEC0}"
EndProject
Project("{FAE04EC0-301F-11D3-BF4B-00C04F79EFBC}") = "AoC_2025.Day03", "AoC_2025.Day03\AoC_2025.Day03.csproj", "{2A32640C-D456-49DC-B649-AB0591A5EBCA}"
EndProject
Project("{FAE04EC0-301F-11D3-BF4B-00C04F79EFBC}") = "AoC_2025.Day04", "AoC_2025.Day04\AoC_2025.Day04.csproj", "{0760CA66-938A-43C1-B7ED-CEFADDB4756F}"
EndProject
Project("{FAE04EC0-301F-11D3-BF4B-00C04F79EFBC}") = "AoC_2025.Day05", "AoC_2025.Day05\AoC_2025.Day05.csproj", "{508DCA1E-5E28-4A08-9781-3939A19FABF9}"
EndProject
Project("{FAE04EC0-301F-11D3-BF4B-00C04F79EFBC}") = "AoC_2025.Day06", "AoC_2025.Day06\AoC_2025.Day06.csproj", "{4BB71333-568F-4615-A3F7-63708BFF8027}"
EndProject
Project("{FAE04EC0-301F-11D3-BF4B-00C04F79EFBC}") = "AoC_2025.Day07", "AoC_2025.Day07\AoC_2025.Day07.csproj", "{192B5DC9-68B4-40F1-A312-6E90EFC9711E}"
EndProject
Project("{FAE04EC0-301F-11D3-BF4B-00C04F79EFBC}") = "AoC_2025.Day08", "AoC_2025.Day08\AoC_2025.Day08.csproj", "{6DC1D162-1D7D-47B9-A0F7-53A198A2C22D}"
EndProject
Project("{FAE04EC0-301F-11D3-BF4B-00C04F79EFBC}") = "AoC_2025.Day09", "AoC_2025.Day09\AoC_2025.Day09.csproj", "{86C36FA5-C8D1-419D-B6DE-81316C99C6A5}"
EndProject
Project("{FAE04EC0-301F-11D3-BF4B-00C04F79EFBC}") = "AoC_2025.Day10", "AoC_2025.Day10\AoC_2025.Day10.csproj", "{C8755330-B02F-41F0-8416-471CB34D35F7}"
EndProject
Project("{FAE04EC0-301F-11D3-BF4B-00C04F79EFBC}") = "AoC_2025.Day11", "AoC_2025.Day11\AoC_2025.Day11.csproj", "{36F2CCA3-B422-4986-AD03-8C8692ECAE7C}"
EndProject
Project("{FAE04EC0-301F-11D3-BF4B-00C04F79EFBC}") = "AoC_2025.Day12", "AoC_2025.Day12\AoC_2025.Day12.csproj", "{115D3D48-D30B-497C-8BC0-B63A0E372026}"
EndProject
Global
	GlobalSection(SolutionConfigurationPlatforms) = preSolution
		Debug|Any CPU = Debug|Any CPU
		Debug|x64 = Debug|x64
		Debug|x86 = Debug|x86
		Release|Any CPU = Release|Any CPU
		Release|x64 = Release|x64
		Release|x86 = Release|x86
	EndGlobalSection
	GlobalSection(ProjectConfigurationPlatforms) = postSolution
		{3AC26860-0E6E-4A8B-1C0B-579C3B935511}.Debug|Any CPU.ActiveCfg = Debug|Any CPU
		{3AC26860-0E6E-4A8B-1C0B-579C3B935511}.Debug|Any CPU.Build.0 = Debug|Any CPU
		{3AC26860-0E6E-4A8B-1C0B-579C3B935511}.Debug|x64.ActiveCfg = Debug|Any CPU
		{3AC26860-0E6E-4A8B-1C0B-579C3B935511}.Debug|x64.Build.0 = Debug|Any CPU
		{3AC26860-0E6E-4A8B-1C0B-579C3B935511}.Debug|x86.ActiveCfg = Debug|Any CPU
		{3AC26860-0E6E-4A8B-1C0B-579C3B935511}.Debug|x86.Build.0 = Debug|Any CPU
		{3AC26860-0E6E-4A8B-1C0B-579C3B935511}.Release|Any CPU.ActiveCfg = Release|Any CPU
		{3AC26860-0E6E-4A8B-1C0B-579C3B935511}.Release|Any CPU.Build.0 = Release|Any CPU
		{3AC26860-0E6E-4A8B-1C0B-579C3B935511}.Release|x64.ActiveCfg = Release|Any CPU
		{3AC26860-0E6E-4A8B-1C0B-579C3B935511}.Release|x64.Build.0 = Release|Any CPU
		{3AC26860-0E6E-4A8B-1C0B-579C3B935511}.Release|x86.ActiveCfg = Release|Any CPU
		{3AC26860-0E6E-4A8B-1C0B-579C3B935511}.Release|x86.Build.0 = Release|Any CPU
		{E72ACEB3-8B86-C69C-470D-EA11FBDA964A}.Debug|Any CPU.ActiveCfg = Debug|Any CPU
		{E72ACEB3-8B86-C69C-470D-EA11FBDA964A}.Debug|Any CPU.Build.0 = Debug|Any CPU
		{E72ACEB3-8B86-C69C-470D-EA11FBDA964A}.Debug|x64.ActiveCfg = Debug|Any CPU
		{E72ACEB3-8B86-C69C-470D-EA11FBDA964A}.Debug|x64.Build.0 = Debug|Any CPU
		{E72ACEB3-8B86-C69C-470D-EA11FBDA964A}.Debug|x86.ActiveCfg = Debug|Any CPU
		{E72ACEB3-8B86-C69C-470D-EA11FBDA964A}.Debug|x86.Build.0 = Debug|Any CPU
		{E72ACEB3-8B86-C69C-470D-EA11FBDA964A}.Release|Any CPU.ActiveCfg = Release|Any CPU
		{E72ACEB3-8B86-C69C-470D-EA11FBDA964A}.Release|Any CPU.Build.0 = Release|Any CPU
		{E72ACEB3-8B86-C69C-470D-EA11FBDA964A}.Release|x64.ActiveCfg = Release|Any CPU
		{E72ACEB3-8B86-C69C-470D-EA11FBDA964A}.Release|x64.Build.0 = Release|Any CPU
		{E72ACEB3-8B86-C69C-470D-EA11FBDA964A}.Release|x86.ActiveCfg = Release|Any CPU
		{E72ACEB3-8B86-C69C-470D-EA11FBDA964A}.Release|x86.Build.0 = Release|Any CPU
		{8D149012-EB2D-FA16-1B1B-24E3FA7F4941}.Debug|Any CPU.ActiveCfg = Debug|Any CPU
		{8D149012-EB2D-FA16-1B1B-24E3FA7F4941}.Debug|Any CPU.Build.0 = Debug|Any CPU
		{8D149012-EB2D-FA16-1B1B-24E3FA7F4941}.Debug|x64.ActiveCfg = Debug|Any CPU
		{8D149012-EB2D-FA16-1B1B-24E3FA7F4941}.Debug|x64.Build.0 = Debug|Any CPU
		{8D149012-EB2D-FA16-1B1B-24E3FA7F4941}.Debug|x86.ActiveCfg = Debug|Any CPU
		{8D149012-EB2D-FA16-1B1B-24E3FA7F4941}.Debug|x86.Build.0 = Debug|Any CPU
		{8D149012-EB2D-FA16-1B1B-24E3FA7F4941}.Release|Any CPU.ActiveCfg = Release|Any CPU
		{8D149012-EB2D-FA16-1B1B-24E3FA7F4941}.Release|Any CPU.Build.0 = Release|Any CPU
		{8D149012-EB2D-FA16-1B1B-24E3FA7F4941}.Release|x64.ActiveCfg = Release|Any CPU
		{8D149012-EB2D-FA16-1B1B-24E3FA7F4941}.Release|x64.Build.0 = Release|Any CPU
		{8D149012-EB2D-FA16-1B1B-24E3FA7F4941}.Release|x86.ActiveCfg = Release|Any CPU
		{8D149012-EB2D-FA16-1B1B-24E3FA7F4941}.Release|x86.Build.0 = Release|Any CPU
		{2843CC47-CA10-A807-38D1-33EBED4BEE1B}.Debug|Any CPU.ActiveCfg = Debug|Any CPU
		{2843CC47-CA10-A807-38D1-33EBED4BEE1B}.Debug|Any CPU.Build.0 = Debug|Any CPU
		{2843CC47-CA10-A807-38D1-33EBED4BEE1B}.Debug|x64.ActiveCfg = Debug|Any CPU
		{2843CC47-CA10-A807-38D1-33EBED4BEE1B}.Debug|x64.Build.0 = Debug|Any CPU
		{2843CC47-CA10-A807-38D1-33EBED4BEE1B}.Debug|x86.ActiveCfg = Debug|Any CPU
		{2843CC47-CA10-A807-38D1-33EBED4BEE1B}.Debug|x86.Build.0 = Debug|Any CPU
		{2843CC47-CA10-A807-38D1-33EBED4BEE1B}.Release|Any CPU.ActiveCfg = Release|Any CPU
		{2843CC47-CA10-A807-38D1-33EBED4BEE1B}.Release|Any CPU.Build.0 = Release|Any CPU
		{2843CC47-CA10-A807-38D1-33EBED4BEE1B}.Release|x64.ActiveCfg = Release|Any CPU
		{2843CC47-CA10-A807-38D1-33EBED4BEE1B}.Release|x64.Build.0 = Release|Any CPU
		{2843CC47-CA10-A807-38D1-33EBED4BEE1B}.Release|x86.ActiveCfg = Release|Any CPU
		{2843CC47-CA10-A807-38D1-33EBED4BEE1B}.Release|x86.Build.0 = Release|Any CPU
		{282F9A96-35F0-4ED3-80AF-4C9FAF52DEC0}.Debug|Any CPU.ActiveCfg = Debug|Any CPU
		{282F9A96-35F0-4ED3-80AF-4C9FAF52DEC0}.Debug|Any CPU.Build.0 = Debug|Any CPU
		{282F9A96-35F0-4ED3-80AF-4C9FAF52DEC0}.Debug|x64.ActiveCfg = Debug|Any CPU
		{282F9A96-35F0-4ED3-80AF-4C9FAF52DEC0}.Debug|x64.Build.0 = Debug|Any CPU
		{282F9A96-35F0-4ED3-80AF-4C9FAF52DEC0}.Debug|x86.ActiveCfg = Debug|Any CPU
		{282F9A96-35F0-4ED3-80AF-4C9FAF52DEC0}.Debug|x86.Build.0 = Debug|Any CPU
		{282F9A96-35F0-4ED3-80AF-4C9FAF52DEC0}.Release|Any CPU.ActiveCfg = Release|Any CPU
		{282F9A96-35F0-4ED3-80AF-4C9FAF52DEC0}.Release|Any CPU.Build.0 = Release|Any CPU
		{282F9A96-35F0-4ED3-80AF-4C9FAF52DEC0}.Release|x64.ActiveCfg = Release|Any CPU
		{282F9A96-35F0-4ED3-80AF-4C9FAF52DEC0}.Release|x64.Build.0 = Release|Any CPU
		{282F9A96-35F0-4ED3-80AF-4C9FAF52DEC0}.Release|x86.ActiveCfg = Release|Any CPU
		{282F9A96-35F0-4ED3-80AF-4C9FAF52DEC0}.Release|x86.Build.0 = Release|Any CPU
		{2A32640C-D456-49DC-B649-AB0591A5EBCA}.Debug|Any CPU.ActiveCfg = Debug|Any CPU
		{2A32640C-D456-49DC-B649-AB0591A5EBCA}.Debug|Any CPU.Build.0 = Debug|Any CPU
		{2A32640C-D456-49DC-B649-AB0591A5EBCA}.Debug|x64.ActiveCfg = Debug|Any CPU
		{2A32640C-D456-49DC-B649-AB0591A5EBCA}.Debug|x64.Build.0 = Debug|Any CPU
		{2A32640C-D456-49DC-B649-AB0591A5EBCA}.Debug|x86.ActiveCfg = Debug|Any CPU
		{2A32640C-D456-49DC-B649-AB0591A5EBCA}.Debug|x86.Build.0 = Debug|Any CPU
		{2A32640C-D456-49DC-B649-AB0591A5EBCA}.Release|Any CPU.ActiveCfg = Release|Any CPU
		{2A32640C-D456-49DC-B649-AB0591A5EBCA}.Release|Any CPU.Build.0 = Release|Any CPU
		{2A32640C-D456-49DC-B649-AB0591A5EBCA}.Release|x64.ActiveCfg = Release|Any CPU
		{2A32640C-D456-49DC-B649-AB0591A5EBCA}.Release|x64.Build.0 = Release|Any CPU
		{2A32640C-D456-49DC-B649-AB0591A5EBCA}.Release|x86.ActiveCfg = Release|Any CPU
		{2A32640C-D456-49DC-B649-AB0591A5EBCA}.Release|x86.Build.0 = Release|Any CPU
		{0760CA66-938A-43C1-B7ED-CEFADDB4756F}.Debug|Any CPU.ActiveCfg = Debug|Any CPU
		{0760CA66-938A-43C1-B7ED-CEFADDB4756F}.Debug|Any CPU.Build.0 = Debug|Any CPU
		{0760CA66-938A-43C1-B7ED-CEFADDB4756F}.Debug|x64.ActiveCfg = Debug|Any CPU
		{0760CA66-938A-43C1-B7ED-CEFADDB4756F}.Debug|x64.Build.0 = Debug|Any CPU
		{0760CA66-938A-43C1-B7ED-CEFADDB4756F}.Debug|x86.ActiveCfg = Debug|Any CPU
		{0760CA66-938A-43C1-B7ED-CEFADDB4756F}.Debug|x86.Build.0 = Debug|Any CPU
		{0760CA66-938A-43C1-B7ED-CEFADDB4756F}.Release|Any CPU.ActiveCfg = Release|Any CPU
		{0760CA66-938A-43C1-B7ED-CEFADDB4756F}.Release|Any CPU.Build.0 = Release|Any CPU
		{0760CA66-938A-43C1-B7ED-CEFADDB4756F}.Release|x64.ActiveCfg = Release|Any CPU
		{0760CA66-938A-43C1-B7ED-CEFADDB4756F}.Release|x64.Build.0 = Release|Any CPU
		{0760CA66-938A-43C1-B7ED-CEFADDB4756F}.Release|x86.ActiveCfg = Release|Any CPU
		{0760CA66-938A-43C1-B7ED-CEFADDB4756F}.Release|x86.Build.0 = Release|Any CPU
		{508DCA1E-5E28-4A08-9781-3939A19FABF9}.Debug|Any CPU.ActiveCfg = Debug|Any CPU
		{508DCA1E-5E28-4A08-9781-3939A19FABF9}.Debug|Any CPU.Build.0 = Debug|Any CPU
		{508DCA1E-5E28-4A08-9781-3939A19FABF9}.Debug|x64.ActiveCfg = Debug|Any CPU
		{508DCA1E-5E28-4A08-9781-3939A19FABF9}.Debug|x64.Build.0 = Debug|Any CPU
		{508DCA1E-5E28-4A08-9781-3939A19FABF9}.Debug|x86.ActiveCfg = Debug|Any CPU
		{508DCA1E-5E28-4A08-9781-3939A19FABF9}.Debug|x86.Build.0 = Debug|Any CPU
		{508DCA1E-5E28-4A08-9781-3939A19FABF9}.Release|Any CPU.ActiveCfg = Release|Any CPU
		{508DCA1E-5E28-4A08-9781-3939A19FABF9}.Release|Any CPU.Build.0 = Release|Any CPU
		{508DCA1E-5E28-4A08-9781-3939A19FABF9}.Release|x64.ActiveCfg = Release|Any CPU
		{508DCA1E-5E28-4A08-9781-3939A19FABF9}.Release|x64.Build.0 = Release|Any CPU
		{508DCA1E-5E28-4A08-9781-3939A19FABF9}.Release|x86.ActiveCfg = Release|Any CPU
		{508DCA1E-5E28-4A08-9781-3939A19FABF9}.Release|x86.Build.0 = Release|Any CPU
		{4BB71333-568F-4615-A3F7-63708BFF8027}.Debug|Any CPU.ActiveCfg = Debug|Any CPU
		{4BB71333-568F-4615-A3F7-63708BFF8027}.Debug|Any CPU.Build.0 = Debug|Any CPU
		{4BB71333-568F-4615-A3F7-63708BFF8027}.Debug|x64.ActiveCfg = Debug|Any CPU
		{4BB71333-568F-4615-A3F7-63708BFF8027}.Debug|x64.Build.0 = Debug|Any CPU
		{4BB71333-568F-4615-A3F7-63708BFF8027}.Debug|x86.ActiveCfg = Debug|Any CPU
		{4BB71333-568F-4615-A3F7-63708BFF8027}.Debug|x86.Build.0 = Debug|Any CPU
		{4BB71333-568F-4615-A3F7-63708BFF8027}.Release|Any CPU.ActiveCfg = Release|Any CPU
		{4BB71333-568F-4615-A3F7-63708BFF8027}.Release|Any CPU.Build.0 = Release|Any CPU
		{4BB71333-568F-4615-A3F7-63708BFF8027}.Release|x64.ActiveCfg = Release|Any CPU
		{4BB71333-568F-4615-A3F7-63708BFF8027}.Release|x64.Build.0 = Release|Any CPU
		{4BB71333-568F-4615-A3F7-63708BFF8027}.Release|x86.ActiveCfg = Release|Any CPU
		{4BB71333-568F-4615-A3F7-63708BFF8027}.Release|x86.Build.0 = Release|Any CPU
		{192B5DC9-68B4-40F1-A312-6E90EFC9711E}.Debug|Any CPU.ActiveCfg = Debug|Any CPU
		{192B5DC9-68B4-40F1-A312-6E90EFC9711E}.Debug|Any CPU.Build.0 = Debug|Any CPU
		{192B5DC9-68B4-40F1-A312-6E90EFC9711E}.Debug|x64.ActiveCfg = Debug|Any CPU
		{192B5DC9-68B4-40F1-A312-6E90EFC9711E}.Debug|x64.Build.0 = Debug|Any CPU
		{192B5DC9-68B4-40F1-A312-6E90EFC9711E}.Debug|x86.ActiveCfg = Debug|Any CPU
		{192B5DC9-68B4-40F1-A312-6E90EFC9711E}.Debug|x86.Build.0 = Debug|Any CPU
		{192B5DC9-68B4-40F1-A312-6E90EFC9711E}.Release|Any CPU.ActiveCfg = Release|Any CPU
		{192B5DC9-68B4-40F1-A312-6E90EFC9711E}.Release|Any CPU.Build.0 = Release|Any CPU
		{192B5DC9-68B4-40F1-A312-6E90EFC9711E}.Release|x64.ActiveCfg = Release|Any CPU
		{192B5DC9-68B4-40F1-A312-6E90EFC9711E}.Release|x64.Build.0 = Release|Any CPU
		{192B5DC9-68B4-40F1-A312-6E90EFC9711E}.Release|x86.ActiveCfg = Release|Any CPU
		{192B5DC9-68B4-40F1-A312-6E90EFC9711E}.Release|x86.Build.0 = Release|Any CPU
		{6DC1D162-1D7D-47B9-A0F7-53A198A2C22D}.Debug|Any CPU.ActiveCfg = Debug|Any CPU
		{6DC1D162-1D7D-47B9-A0F7-53A198A2C22D}.Debug|Any CPU.Build.0 = Debug|Any CPU
		{6DC1D162-1D7D-47B9-A0F7-53A198A2C22D}.Debug|x64.ActiveCfg = Debug|Any CPU
		{6DC1D162-1D7D-47B9-A0F7-53A198A2C22D}.Debug|x64.Build.0 = Debug|Any CPU
		{6DC1D162-1D7D-47B9-A0F7-53A198A2C22D}.Debug|x86.ActiveCfg = Debug|Any CPU
		{6DC1D162-1D7D-47B9-A0F7-53A198A2C22D}.Debug|x86.Build.0 = Debug|Any CPU
		{6DC1D162-1D7D-47B9-A0F7-53A198A2C22D}.Release|Any CPU.ActiveCfg = Release|Any CPU
		{6DC1D162-1D7D-47B9-A0F7-53A198A2C22D}.Release|Any CPU.Build.0 = Release|Any CPU
		{6DC1D162-1D7D-47B9-A0F7-53A198A2C22D}.Release|x64.ActiveCfg = Release|Any CPU
		{6DC1D162-1D7D-47B9-A0F7-53A198A2C22D}.Release|x64.Build.0 = Release|Any CPU
		{6DC1D162-1D7D-47B9-A0F7-53A198A2C22D}.Release|x86.ActiveCfg = Release|Any CPU
		{6DC1D162-1D7D-47B9-A0F7-53A198A2C22D}.Release|x86.Build.0 = Release|Any CPU
		{86C36FA5-C8D1-419D-B6DE-81316C99C6A5}.Debug|Any CPU.ActiveCfg = Debug|Any CPU
		{86C36FA5-C8D1-419D-B6DE-81316C99C6A5}.Debug|Any CPU.Build.0 = Debug|Any CPU
		{86C36FA5-C8D1-419D-B6DE-81316C99C6A5}.Debug|x64.ActiveCfg = Debug|Any CPU
		{86C36FA5-C8D1-419D-B6DE-81316C99C6A5}.Debug|x64.Build.0 = Debug|Any CPU
		{86C36FA5-C8D1-419D-B6DE-81316C99C6A5}.Debug|x86.ActiveCfg = Debug|Any CPU
		{86C36FA5-C8D1-419D-B6DE-81316C99C6A5}.Debug|x86.Build.0 = Debug|Any CPU
		{86C36FA5-C8D1-419D-B6DE-81316C99C6A5}.Release|Any CPU.ActiveCfg = Release|Any CPU
		{86C36FA5-C8D1-419D-B6DE-81316C99C6A5}.Release|Any CPU.Build.0 = Release|Any CPU
		{86C36FA5-C8D1-419D-B6DE-81316C99C6A5}.Release|x64.ActiveCfg = Release|Any CPU
		{86C36FA5-C8D1-419D-B6DE-81316C99C6A5}.Release|x64.Build.0 = Release|Any CPU
		{86C36FA5-C8D1-419D-B6DE-81316C99C6A5}.Release|x86.ActiveCfg = Release|Any CPU
		{86C36FA5-C8D1-419D-B6DE-81316C99C6A5}.Release|x86.Build.0 = Release|Any CPU
		{C8755330-B02F-41F0-8416-471CB34D35F7}.Debug|Any CPU.ActiveCfg = Debug|Any CPU
		{C8755330-B02F-41F0-8416-471CB34D35F7}.Debug|Any CPU.Build.0 = Debug|Any CPU
		{C8755330-B02F-41F0-8416-471CB34D35F7}.Debug|x64.ActiveCfg = Debug|Any CPU
		{C8755330-B02F-41F0-8416-471CB34D35F7}.Debug|x64.Build.0 = Debug|Any CPU
		{C8755330-B02F-41F0-8416-471CB34D35F7}.Debug|x86.ActiveCfg = Debug|Any CPU
		{C8755330-B02F-41F0-8416-471CB34D35F7}.Debug|x86.Build.0 = Debug|Any CPU
		{C8755330-B02F-41F0-8416-471CB34D35F7}.Release|Any CPU.ActiveCfg = Release|Any CPU
		{C8755330-B02F-41F0-8416-471CB34D35F7}.Release|Any CPU.Build.0 = Release|Any CPU
		{C8755330-B02F-41F0-8416-471CB34D35F7}.Release|x64.ActiveCfg = Release|Any CPU
		{C8755330-B02F-41F0-8416-471CB34D35F7}.Release|x64.Build.0 = Release|Any CPU
		{C8755330-B02F-41F0-8416-471CB34D35F7}.Release|x86.ActiveCfg = Release|Any CPU
		{C8755330-B02F-41F0-8416-471CB34D35F7}.Release|x86.Build.0 = Release|Any CPU
		{36F2CCA3-B422-4986-AD03-8C8692ECAE7C}.Debug|Any CPU.ActiveCfg = Debug|Any CPU
		{36F2CCA3-B422-4986-AD03-8C8692ECAE7C}.Debug|Any CPU.Build.0 = Debug|Any CPU
		{36F2CCA3-B422-4986-AD03-8C8692ECAE7C}.Debug|x64.ActiveCfg = Debug|Any CPU
		{36F2CCA3-B422-4986-AD03-8C8692ECAE7C}.Debug|x64.Build.0 = Debug|Any CPU
		{36F2CCA3-B422-4986-AD03-8C8692ECAE7C}.Debug|x86.ActiveCfg = Debug|Any CPU
		{36F2CCA3-B422-4986-AD03-8C8692ECAE7C}.Debug|x86.Build.0 = Debug|Any CPU
		{36F2CCA3-B422-4986-AD03-8C8692ECAE7C}.Release|Any CPU.ActiveCfg = Release|Any CPU
		{36F2CCA3-B422-4986-AD03-8C8692ECAE7C}.Release|Any CPU.Build.0 = Release|Any CPU
		{36F2CCA3-B422-4986-AD03-8C8692ECAE7C}.Release|x64.ActiveCfg = Release|Any CPU
		{36F2CCA3-B422-4986-AD03-8C8692ECAE7C}.Release|x64.Build.0 = Release|Any CPU
		{36F2CCA3-B422-4986-AD03-8C8692ECAE7C}.Release|x86.ActiveCfg = Release|Any CPU
		{36F2CCA3-B422-4986-AD03-8C8692ECAE7C}.Release|x86.Build.0 = Release|Any CPU
		{115D3D48-D30B-497C-8BC0-B63A0E372026}.Debug|Any CPU.ActiveCfg = Debug|Any CPU
		{115D3D48-D30B-497C-8BC0-B63A0E372026}.Debug|Any CPU.Build.0 = Debug|Any CPU
		{115D3D48-D30B-497C-8BC0-B63A0E372026}.Debug|x64.ActiveCfg = Debug|Any CPU
		{115D3D48-D30B-497C-8BC0-B63A0E372026}.Debug|x64.Build.0 = Debug|Any CPU
		{115D3D48-D30B-497C-8BC0-B63A0E372026}.Debug|x86.ActiveCfg = Debug|Any CPU
		{115D3D48-D30B-497C-8BC0-B63A0E372026}.Debug|x86.Build.0 = Debug|Any CPU
		{115D3D48-D30B-497C-8BC0-B63A0E372026}.Release|Any CPU.ActiveCfg = Release|Any CPU
		{115D3D48-D30B-497C-8BC0-B63A0E372026}.Release|Any CPU.Build.0 = Release|Any CPU
		{115D3D48-D30B-497C-8BC0-B63A0E372026}.Release|x64.ActiveCfg = Release|Any CPU
		{115D3D48-D30B-497C-8BC0-B63A0E372026}.Release|x64.Build.0 = Release|Any CPU
		{115D3D48-D30B-497C-8BC0-B63A0E372026}.Release|x86.ActiveCfg = Release|Any CPU
		{115D3D48-D30B-497C-8BC0-B63A0E372026}.Release|x86.Build.0 = Release|Any CPU
	EndGlobalSection
	GlobalSection(SolutionProperties) = preSolution
		HideSolutionNode = FALSE
	EndGlobalSection
	GlobalSection(ExtensibilityGlobals) = postSolution
		SolutionGuid = {191F70C8-E2A5-4696-A456-259EA7A6965D}
	EndGlobalSection
EndGlobal
